// !$*UTF8*$!
{
	archiveVersion = 1;
	classes = {
	};
	objectVersion = 55;
	objects = {

/* Begin PBXBuildFile section */
		490C98A327BDF4E100574E1B /* CreditsView.swift in Sources */ = {isa = PBXBuildFile; fileRef = 490C98A227BDF4E100574E1B /* CreditsView.swift */; };
		49124DB027C1E22200CCECAF /* SiriView.swift in Sources */ = {isa = PBXBuildFile; fileRef = 49124DAF27C1E22200CCECAF /* SiriView.swift */; };
		4912986B27C4738600912339 /* PlayersModel.swift in Sources */ = {isa = PBXBuildFile; fileRef = 4912986A27C4738600912339 /* PlayersModel.swift */; };
		491E707827BFDCEC0039FBB1 /* DiceStorytelling.swift in Sources */ = {isa = PBXBuildFile; fileRef = 491E707727BFDCEC0039FBB1 /* DiceStorytelling.swift */; };
		492D3BC827D296C700F3BD65 /* AlertView.swift in Sources */ = {isa = PBXBuildFile; fileRef = 492D3BC727D296C700F3BD65 /* AlertView.swift */; };
		492D3BCA27D35D8000F3BD65 /* AlertClass.swift in Sources */ = {isa = PBXBuildFile; fileRef = 492D3BC927D35D8000F3BD65 /* AlertClass.swift */; };
		493AB1B727CC548F00224AF8 /* SplashScreenView.swift in Sources */ = {isa = PBXBuildFile; fileRef = 493AB1B627CC548F00224AF8 /* SplashScreenView.swift */; };
		495A62B127DD3A4E00C64C35 /* musicBack.mp3 in Resources */ = {isa = PBXBuildFile; fileRef = 495A62B027DD3A4E00C64C35 /* musicBack.mp3 */; };
		4981954D27C1F6BA0037E81E /* MusicClass.swift in Sources */ = {isa = PBXBuildFile; fileRef = 4981954C27C1F6BA0037E81E /* MusicClass.swift */; };
		4995DC8727BF530A0011B4F5 /* CategoriesButtonModel.swift in Sources */ = {isa = PBXBuildFile; fileRef = 4995DC8627BF530A0011B4F5 /* CategoriesButtonModel.swift */; };
		49AC301F27BAB75900629633 /* PlotwistApp.swift in Sources */ = {isa = PBXBuildFile; fileRef = 49AC301E27BAB75900629633 /* PlotwistApp.swift */; };
		49AC302127BAB75900629633 /* ContentView.swift in Sources */ = {isa = PBXBuildFile; fileRef = 49AC302027BAB75900629633 /* ContentView.swift */; };
		49AC302327BAB75900629633 /* Assets.xcassets in Resources */ = {isa = PBXBuildFile; fileRef = 49AC302227BAB75900629633 /* Assets.xcassets */; };
		49AC302627BAB75900629633 /* Preview Assets.xcassets in Resources */ = {isa = PBXBuildFile; fileRef = 49AC302527BAB75900629633 /* Preview Assets.xcassets */; };
		49B470E927BEA7A50012C24D /* hideKeyboardButton.swift in Sources */ = {isa = PBXBuildFile; fileRef = 49B470E827BEA7A50012C24D /* hideKeyboardButton.swift */; };
		49E20D6E27BC5720002BAFA3 /* SettingsView.swift in Sources */ = {isa = PBXBuildFile; fileRef = 49E20D6D27BC5720002BAFA3 /* SettingsView.swift */; };
		49E7C59B27BD32160043AD25 /* NextTurn.swift in Sources */ = {isa = PBXBuildFile; fileRef = 49E7C59627BD32160043AD25 /* NextTurn.swift */; };
		49E7C59C27BD32160043AD25 /* ThemeColors.swift in Sources */ = {isa = PBXBuildFile; fileRef = 49E7C59727BD32160043AD25 /* ThemeColors.swift */; };
		49E7C59D27BD32160043AD25 /* Storystarters.swift in Sources */ = {isa = PBXBuildFile; fileRef = 49E7C59827BD32160043AD25 /* Storystarters.swift */; };
		49E7C59E27BD32160043AD25 /* CategoriesListModel.swift in Sources */ = {isa = PBXBuildFile; fileRef = 49E7C59927BD32160043AD25 /* CategoriesListModel.swift */; };
		49E7C59F27BD32160043AD25 /* DiceCategories.swift in Sources */ = {isa = PBXBuildFile; fileRef = 49E7C59A27BD32160043AD25 /* DiceCategories.swift */; };
		49E7C5A127BD44A00043AD25 /* ButtonsModel.swift in Sources */ = {isa = PBXBuildFile; fileRef = 49E7C5A027BD44A00043AD25 /* ButtonsModel.swift */; };
		49EB564627D2548C00E23086 /* DiceView.swift in Sources */ = {isa = PBXBuildFile; fileRef = 49EB564527D2548C00E23086 /* DiceView.swift */; };
		49F08C2227BB47100046D206 /* GuidedView.swift in Sources */ = {isa = PBXBuildFile; fileRef = 49F08C2127BB47100046D206 /* GuidedView.swift */; };
		B9021C8727DCAF2D006035B2 /* SelectPlayersNumberView.swift in Sources */ = {isa = PBXBuildFile; fileRef = B9021C8627DCAF2D006035B2 /* SelectPlayersNumberView.swift */; };
		B96303112800654C006E4E4D /* PlotwistDatabase.xcdatamodeld in Sources */ = {isa = PBXBuildFile; fileRef = B963030F2800654C006E4E4D /* PlotwistDatabase.xcdatamodeld */; };
		B963031728006809006E4E4D /* DataController.swift in Sources */ = {isa = PBXBuildFile; fileRef = B963031628006809006E4E4D /* DataController.swift */; };
		B963031928006E79006E4E4D /* CompletedStories.swift in Sources */ = {isa = PBXBuildFile; fileRef = B963031828006E79006E4E4D /* CompletedStories.swift */; };
		B9910B6C27D5026400B712E2 /* Plotwist-Info.plist in Resources */ = {isa = PBXBuildFile; fileRef = 49AC302E27BABB1300629633 /* Plotwist-Info.plist */; };
		B9B66D0827E0D2E800E03D74 /* ARDiceView.swift in Sources */ = {isa = PBXBuildFile; fileRef = B9B66D0627E0D2E800E03D74 /* ARDiceView.swift */; };
		B9B66D0927E0D2E800E03D74 /* Experience.rcproject in Sources */ = {isa = PBXBuildFile; fileRef = B9B66D0727E0D2E800E03D74 /* Experience.rcproject */; };
		B9B66D0B27E0E25100E03D74 /* CategoriesModel.swift in Sources */ = {isa = PBXBuildFile; fileRef = B9B66D0A27E0E25100E03D74 /* CategoriesModel.swift */; };
		B9B7F67327CE6F930064A8B3 /* NavigationRoot.swift in Sources */ = {isa = PBXBuildFile; fileRef = B9B7F67227CE6F930064A8B3 /* NavigationRoot.swift */; };
		B9D78E7827CFA7370083BB3C /* Localizable.strings in Resources */ = {isa = PBXBuildFile; fileRef = B9D78E7A27CFA7370083BB3C /* Localizable.strings */; };
		B9D78E8227CFAE330083BB3C /* CardModel1.swift in Sources */ = {isa = PBXBuildFile; fileRef = B9D78E8127CFAE330083BB3C /* CardModel1.swift */; };
		B9D78E8427CFB1000083BB3C /* CardModel2.swift in Sources */ = {isa = PBXBuildFile; fileRef = B9D78E8327CFB1000083BB3C /* CardModel2.swift */; };
		B9D78E8627CFB6A10083BB3C /* SettingsButtonModel.swift in Sources */ = {isa = PBXBuildFile; fileRef = B9D78E8527CFB6A10083BB3C /* SettingsButtonModel.swift */; };
		B9DA60C027D60FFE003F53C7 /* OnboardingView.swift in Sources */ = {isa = PBXBuildFile; fileRef = B9DA60BF27D60FFE003F53C7 /* OnboardingView.swift */; };
		B9DA60C727D7AA03003F53C7 /* LifeSaversB.ttf in Resources */ = {isa = PBXBuildFile; fileRef = B9DA60C527D7AA03003F53C7 /* LifeSaversB.ttf */; };
		B9DA60C827D7AA03003F53C7 /* LifeSaversEB.ttf in Resources */ = {isa = PBXBuildFile; fileRef = B9DA60C627D7AA03003F53C7 /* LifeSaversEB.ttf */; };
		B9DA60CA27D7ABB3003F53C7 /* Life Savers.ttf in Resources */ = {isa = PBXBuildFile; fileRef = B9DA60C927D7ABB3003F53C7 /* Life Savers.ttf */; };
		B9DA60CC27D8C194003F53C7 /* DiceStoryWriting.swift in Sources */ = {isa = PBXBuildFile; fileRef = B9DA60CB27D8C194003F53C7 /* DiceStoryWriting.swift */; };
		B9EE518B27C67CC600CFA313 /* IncipitsModel.swift in Sources */ = {isa = PBXBuildFile; fileRef = B9EE518A27C67CC600CFA313 /* IncipitsModel.swift */; };
		B9EE518D27C90EE400CFA313 /* StoriesModel.swift in Sources */ = {isa = PBXBuildFile; fileRef = B9EE518C27C90EE400CFA313 /* StoriesModel.swift */; };
		B9EE518F27C92BA100CFA313 /* ButtonsIconModel.swift in Sources */ = {isa = PBXBuildFile; fileRef = B9EE518E27C92BA100CFA313 /* ButtonsIconModel.swift */; };
/* End PBXBuildFile section */

/* Begin PBXFileReference section */
		490C98A227BDF4E100574E1B /* CreditsView.swift */ = {isa = PBXFileReference; lastKnownFileType = sourcecode.swift; path = CreditsView.swift; sourceTree = "<group>"; };
		49124DAF27C1E22200CCECAF /* SiriView.swift */ = {isa = PBXFileReference; lastKnownFileType = sourcecode.swift; path = SiriView.swift; sourceTree = "<group>"; };
		4912986A27C4738600912339 /* PlayersModel.swift */ = {isa = PBXFileReference; lastKnownFileType = sourcecode.swift; path = PlayersModel.swift; sourceTree = "<group>"; };
		491E707727BFDCEC0039FBB1 /* DiceStorytelling.swift */ = {isa = PBXFileReference; lastKnownFileType = sourcecode.swift; path = DiceStorytelling.swift; sourceTree = "<group>"; };
		492D3BC727D296C700F3BD65 /* AlertView.swift */ = {isa = PBXFileReference; lastKnownFileType = sourcecode.swift; path = AlertView.swift; sourceTree = "<group>"; };
		492D3BC927D35D8000F3BD65 /* AlertClass.swift */ = {isa = PBXFileReference; lastKnownFileType = sourcecode.swift; path = AlertClass.swift; sourceTree = "<group>"; };
		493AB1B627CC548F00224AF8 /* SplashScreenView.swift */ = {isa = PBXFileReference; lastKnownFileType = sourcecode.swift; path = SplashScreenView.swift; sourceTree = "<group>"; };
		495A62B027DD3A4E00C64C35 /* musicBack.mp3 */ = {isa = PBXFileReference; lastKnownFileType = audio.mp3; path = musicBack.mp3; sourceTree = "<group>"; };
		4981954C27C1F6BA0037E81E /* MusicClass.swift */ = {isa = PBXFileReference; lastKnownFileType = sourcecode.swift; path = MusicClass.swift; sourceTree = "<group>"; };
		4995DC8627BF530A0011B4F5 /* CategoriesButtonModel.swift */ = {isa = PBXFileReference; lastKnownFileType = sourcecode.swift; path = CategoriesButtonModel.swift; sourceTree = "<group>"; };
		499C53EA27D522B90068BE17 /* de */ = {isa = PBXFileReference; lastKnownFileType = text.plist.strings; name = de; path = de.lproj/Localizable.strings; sourceTree = "<group>"; };
		499C53EB27D523E80068BE17 /* ru */ = {isa = PBXFileReference; lastKnownFileType = text.plist.strings; name = ru; path = ru.lproj/Localizable.strings; sourceTree = "<group>"; };
		49AC301B27BAB75900629633 /* Plotwist.app */ = {isa = PBXFileReference; explicitFileType = wrapper.application; includeInIndex = 0; path = Plotwist.app; sourceTree = BUILT_PRODUCTS_DIR; };
		49AC301E27BAB75900629633 /* PlotwistApp.swift */ = {isa = PBXFileReference; lastKnownFileType = sourcecode.swift; path = PlotwistApp.swift; sourceTree = "<group>"; };
		49AC302027BAB75900629633 /* ContentView.swift */ = {isa = PBXFileReference; lastKnownFileType = sourcecode.swift; path = ContentView.swift; sourceTree = "<group>"; };
		49AC302227BAB75900629633 /* Assets.xcassets */ = {isa = PBXFileReference; lastKnownFileType = folder.assetcatalog; path = Assets.xcassets; sourceTree = "<group>"; };
		49AC302527BAB75900629633 /* Preview Assets.xcassets */ = {isa = PBXFileReference; lastKnownFileType = folder.assetcatalog; path = "Preview Assets.xcassets"; sourceTree = "<group>"; };
		49AC302E27BABB1300629633 /* Plotwist-Info.plist */ = {isa = PBXFileReference; lastKnownFileType = text.plist.xml; path = "Plotwist-Info.plist"; sourceTree = SOURCE_ROOT; };
		49B470E827BEA7A50012C24D /* hideKeyboardButton.swift */ = {isa = PBXFileReference; lastKnownFileType = sourcecode.swift; path = hideKeyboardButton.swift; sourceTree = "<group>"; };
		49E20D6D27BC5720002BAFA3 /* SettingsView.swift */ = {isa = PBXFileReference; lastKnownFileType = sourcecode.swift; path = SettingsView.swift; sourceTree = "<group>"; };
		49E7C59627BD32160043AD25 /* NextTurn.swift */ = {isa = PBXFileReference; fileEncoding = 4; lastKnownFileType = sourcecode.swift; path = NextTurn.swift; sourceTree = "<group>"; };
		49E7C59727BD32160043AD25 /* ThemeColors.swift */ = {isa = PBXFileReference; fileEncoding = 4; lastKnownFileType = sourcecode.swift; path = ThemeColors.swift; sourceTree = "<group>"; };
		49E7C59827BD32160043AD25 /* Storystarters.swift */ = {isa = PBXFileReference; fileEncoding = 4; lastKnownFileType = sourcecode.swift; path = Storystarters.swift; sourceTree = "<group>"; };
		49E7C59927BD32160043AD25 /* CategoriesListModel.swift */ = {isa = PBXFileReference; fileEncoding = 4; lastKnownFileType = sourcecode.swift; path = CategoriesListModel.swift; sourceTree = "<group>"; };
		49E7C59A27BD32160043AD25 /* DiceCategories.swift */ = {isa = PBXFileReference; fileEncoding = 4; lastKnownFileType = sourcecode.swift; path = DiceCategories.swift; sourceTree = "<group>"; };
		49E7C5A027BD44A00043AD25 /* ButtonsModel.swift */ = {isa = PBXFileReference; lastKnownFileType = sourcecode.swift; path = ButtonsModel.swift; sourceTree = "<group>"; };
		49EB564527D2548C00E23086 /* DiceView.swift */ = {isa = PBXFileReference; lastKnownFileType = sourcecode.swift; path = DiceView.swift; sourceTree = "<group>"; };
		49F08C2127BB47100046D206 /* GuidedView.swift */ = {isa = PBXFileReference; lastKnownFileType = sourcecode.swift; path = GuidedView.swift; sourceTree = "<group>"; };
		B9021C8627DCAF2D006035B2 /* SelectPlayersNumberView.swift */ = {isa = PBXFileReference; lastKnownFileType = sourcecode.swift; path = SelectPlayersNumberView.swift; sourceTree = "<group>"; };
		B96303102800654C006E4E4D /* PlotwistDatabase.xcdatamodel */ = {isa = PBXFileReference; lastKnownFileType = wrapper.xcdatamodel; path = PlotwistDatabase.xcdatamodel; sourceTree = "<group>"; };
		B963031628006809006E4E4D /* DataController.swift */ = {isa = PBXFileReference; lastKnownFileType = sourcecode.swift; path = DataController.swift; sourceTree = "<group>"; };
		B963031828006E79006E4E4D /* CompletedStories.swift */ = {isa = PBXFileReference; lastKnownFileType = sourcecode.swift; path = CompletedStories.swift; sourceTree = "<group>"; };
		B9B66D0627E0D2E800E03D74 /* ARDiceView.swift */ = {isa = PBXFileReference; fileEncoding = 4; lastKnownFileType = sourcecode.swift; path = ARDiceView.swift; sourceTree = "<group>"; };
		B9B66D0727E0D2E800E03D74 /* Experience.rcproject */ = {isa = PBXFileReference; lastKnownFileType = file.rcproject; path = Experience.rcproject; sourceTree = "<group>"; };
		B9B66D0A27E0E25100E03D74 /* CategoriesModel.swift */ = {isa = PBXFileReference; lastKnownFileType = sourcecode.swift; path = CategoriesModel.swift; sourceTree = "<group>"; };
		B9B7F67227CE6F930064A8B3 /* NavigationRoot.swift */ = {isa = PBXFileReference; lastKnownFileType = sourcecode.swift; path = NavigationRoot.swift; sourceTree = "<group>"; };
		B9D78E7927CFA7370083BB3C /* en */ = {isa = PBXFileReference; lastKnownFileType = text.plist.strings; name = en; path = en.lproj/Localizable.strings; sourceTree = "<group>"; };
		B9D78E7C27CFA75A0083BB3C /* it */ = {isa = PBXFileReference; lastKnownFileType = text.plist.strings; name = it; path = it.lproj/Localizable.strings; sourceTree = "<group>"; };
		B9D78E7D27CFA75B0083BB3C /* es */ = {isa = PBXFileReference; lastKnownFileType = text.plist.strings; name = es; path = es.lproj/Localizable.strings; sourceTree = "<group>"; };
		B9D78E8027CFAD260083BB3C /* fr */ = {isa = PBXFileReference; lastKnownFileType = text.plist.strings; name = fr; path = fr.lproj/Localizable.strings; sourceTree = "<group>"; };
		B9D78E8127CFAE330083BB3C /* CardModel1.swift */ = {isa = PBXFileReference; lastKnownFileType = sourcecode.swift; path = CardModel1.swift; sourceTree = "<group>"; };
		B9D78E8327CFB1000083BB3C /* CardModel2.swift */ = {isa = PBXFileReference; lastKnownFileType = sourcecode.swift; path = CardModel2.swift; sourceTree = "<group>"; };
		B9D78E8527CFB6A10083BB3C /* SettingsButtonModel.swift */ = {isa = PBXFileReference; lastKnownFileType = sourcecode.swift; path = SettingsButtonModel.swift; sourceTree = "<group>"; };
		B9DA60BF27D60FFE003F53C7 /* OnboardingView.swift */ = {isa = PBXFileReference; lastKnownFileType = sourcecode.swift; path = OnboardingView.swift; sourceTree = "<group>"; };
		B9DA60C527D7AA03003F53C7 /* LifeSaversB.ttf */ = {isa = PBXFileReference; lastKnownFileType = file; path = LifeSaversB.ttf; sourceTree = "<group>"; };
		B9DA60C627D7AA03003F53C7 /* LifeSaversEB.ttf */ = {isa = PBXFileReference; lastKnownFileType = file; path = LifeSaversEB.ttf; sourceTree = "<group>"; };
		B9DA60C927D7ABB3003F53C7 /* Life Savers.ttf */ = {isa = PBXFileReference; lastKnownFileType = file; path = "Life Savers.ttf"; sourceTree = "<group>"; };
		B9DA60CB27D8C194003F53C7 /* DiceStoryWriting.swift */ = {isa = PBXFileReference; lastKnownFileType = sourcecode.swift; path = DiceStoryWriting.swift; sourceTree = "<group>"; };
		B9EE518A27C67CC600CFA313 /* IncipitsModel.swift */ = {isa = PBXFileReference; lastKnownFileType = sourcecode.swift; path = IncipitsModel.swift; sourceTree = "<group>"; };
		B9EE518C27C90EE400CFA313 /* StoriesModel.swift */ = {isa = PBXFileReference; lastKnownFileType = sourcecode.swift; path = StoriesModel.swift; sourceTree = "<group>"; };
		B9EE518E27C92BA100CFA313 /* ButtonsIconModel.swift */ = {isa = PBXFileReference; lastKnownFileType = sourcecode.swift; path = ButtonsIconModel.swift; sourceTree = "<group>"; };
/* End PBXFileReference section */

/* Begin PBXFrameworksBuildPhase section */
		49AC301827BAB75900629633 /* Frameworks */ = {
			isa = PBXFrameworksBuildPhase;
			buildActionMask = 2147483647;
			files = (
			);
			runOnlyForDeploymentPostprocessing = 0;
		};
/* End PBXFrameworksBuildPhase section */

/* Begin PBXGroup section */
		490C989C27BDDF8E00574E1B /* Views */ = {
			isa = PBXGroup;
			children = (
				49AC302027BAB75900629633 /* ContentView.swift */,
				49F08C2127BB47100046D206 /* GuidedView.swift */,
				B9021C8627DCAF2D006035B2 /* SelectPlayersNumberView.swift */,
				49E7C59827BD32160043AD25 /* Storystarters.swift */,
				49E7C59627BD32160043AD25 /* NextTurn.swift */,
				491E707727BFDCEC0039FBB1 /* DiceStorytelling.swift */,
				49E7C59A27BD32160043AD25 /* DiceCategories.swift */,
				B9DA60CB27D8C194003F53C7 /* DiceStoryWriting.swift */,
				492D3BC727D296C700F3BD65 /* AlertView.swift */,
				49E20D6D27BC5720002BAFA3 /* SettingsView.swift */,
				B963031828006E79006E4E4D /* CompletedStories.swift */,
				490C98A227BDF4E100574E1B /* CreditsView.swift */,
				49124DAF27C1E22200CCECAF /* SiriView.swift */,
				493AB1B627CC548F00224AF8 /* SplashScreenView.swift */,
				B9DA60BF27D60FFE003F53C7 /* OnboardingView.swift */,
			);
			path = Views;
			sourceTree = "<group>";
		};
		490C989F27BDE08D00574E1B /* Models */ = {
			isa = PBXGroup;
			children = (
				49E7C59927BD32160043AD25 /* CategoriesListModel.swift */,
				4995DC8627BF530A0011B4F5 /* CategoriesButtonModel.swift */,
				49E7C5A027BD44A00043AD25 /* ButtonsModel.swift */,
				B9EE518E27C92BA100CFA313 /* ButtonsIconModel.swift */,
				4912986A27C4738600912339 /* PlayersModel.swift */,
				B9EE518A27C67CC600CFA313 /* IncipitsModel.swift */,
				B9EE518C27C90EE400CFA313 /* StoriesModel.swift */,
				B9D78E8127CFAE330083BB3C /* CardModel1.swift */,
				B9D78E8327CFB1000083BB3C /* CardModel2.swift */,
				B9D78E8527CFB6A10083BB3C /* SettingsButtonModel.swift */,
				B9B66D0A27E0E25100E03D74 /* CategoriesModel.swift */,
			);
			path = Models;
			sourceTree = "<group>";
		};
		4953C73D27D2594500D1B878 /* 3D */ = {
			isa = PBXGroup;
			children = (
				49EB564527D2548C00E23086 /* DiceView.swift */,
				B9B66D0627E0D2E800E03D74 /* ARDiceView.swift */,
				B9B66D0727E0D2E800E03D74 /* Experience.rcproject */,
			);
			path = 3D;
			sourceTree = "<group>";
		};
		49AC301227BAB75900629633 = {
			isa = PBXGroup;
			children = (
				49AC301D27BAB75900629633 /* Plotwist */,
				49AC301C27BAB75900629633 /* Products */,
			);
			sourceTree = "<group>";
		};
		49AC301C27BAB75900629633 /* Products */ = {
			isa = PBXGroup;
			children = (
				49AC301B27BAB75900629633 /* Plotwist.app */,
			);
			name = Products;
			sourceTree = "<group>";
		};
		49AC301D27BAB75900629633 /* Plotwist */ = {
			isa = PBXGroup;
			children = (
				49AC302E27BABB1300629633 /* Plotwist-Info.plist */,
				49AC301E27BAB75900629633 /* PlotwistApp.swift */,
				490C989C27BDDF8E00574E1B /* Views */,
				490C989F27BDE08D00574E1B /* Models */,
				4953C73D27D2594500D1B878 /* 3D */,
				B9B7F67227CE6F930064A8B3 /* NavigationRoot.swift */,
				492D3BC927D35D8000F3BD65 /* AlertClass.swift */,
				49B470E827BEA7A50012C24D /* hideKeyboardButton.swift */,
				49E7C59727BD32160043AD25 /* ThemeColors.swift */,
				4981954C27C1F6BA0037E81E /* MusicClass.swift */,
				B963030F2800654C006E4E4D /* PlotwistDatabase.xcdatamodeld */,
				B963031628006809006E4E4D /* DataController.swift */,
				B9D78E7A27CFA7370083BB3C /* Localizable.strings */,
				49AC302227BAB75900629633 /* Assets.xcassets */,
				49AC302427BAB75900629633 /* Preview Content */,
				49D0B17D27BB2BCC00F34BF5 /* Font */,
				495A62B027DD3A4E00C64C35 /* musicBack.mp3 */,
			);
			path = Plotwist;
			sourceTree = "<group>";
		};
		49AC302427BAB75900629633 /* Preview Content */ = {
			isa = PBXGroup;
			children = (
				49AC302527BAB75900629633 /* Preview Assets.xcassets */,
			);
			name = "Preview Content";
			path = "Font/Preview Content";
			sourceTree = "<group>";
		};
		49D0B17D27BB2BCC00F34BF5 /* Font */ = {
			isa = PBXGroup;
			children = (
				B9DA60C927D7ABB3003F53C7 /* Life Savers.ttf */,
				B9DA60C527D7AA03003F53C7 /* LifeSaversB.ttf */,
				B9DA60C627D7AA03003F53C7 /* LifeSaversEB.ttf */,
			);
			path = Font;
			sourceTree = "<group>";
		};
/* End PBXGroup section */

/* Begin PBXNativeTarget section */
		49AC301A27BAB75900629633 /* Plotwist */ = {
			isa = PBXNativeTarget;
			buildConfigurationList = 49AC302927BAB75900629633 /* Build configuration list for PBXNativeTarget "Plotwist" */;
			buildPhases = (
				49AC301727BAB75900629633 /* Sources */,
				49AC301827BAB75900629633 /* Frameworks */,
				49AC301927BAB75900629633 /* Resources */,
			);
			buildRules = (
			);
			dependencies = (
			);
			name = Plotwist;
			packageProductDependencies = (
			);
			productName = "Rebooters MC3";
			productReference = 49AC301B27BAB75900629633 /* Plotwist.app */;
			productType = "com.apple.product-type.application";
		};
/* End PBXNativeTarget section */

/* Begin PBXProject section */
		49AC301327BAB75900629633 /* Project object */ = {
			isa = PBXProject;
			attributes = {
				BuildIndependentTargetsInParallel = 1;
				LastSwiftUpdateCheck = 1320;
				LastUpgradeCheck = 1330;
				TargetAttributes = {
					49AC301A27BAB75900629633 = {
						CreatedOnToolsVersion = 13.2.1;
					};
				};
			};
			buildConfigurationList = 49AC301627BAB75900629633 /* Build configuration list for PBXProject "Plotwist" */;
			compatibilityVersion = "Xcode 13.0";
			developmentRegion = en;
			hasScannedForEncodings = 0;
			knownRegions = (
				en,
				it,
				fr,
				es,
				de,
				ru,
				Base,
			);
			mainGroup = 49AC301227BAB75900629633;
			packageReferences = (
			);
			productRefGroup = 49AC301C27BAB75900629633 /* Products */;
			projectDirPath = "";
			projectRoot = "";
			targets = (
				49AC301A27BAB75900629633 /* Plotwist */,
			);
		};
/* End PBXProject section */

/* Begin PBXResourcesBuildPhase section */
		49AC301927BAB75900629633 /* Resources */ = {
			isa = PBXResourcesBuildPhase;
			buildActionMask = 2147483647;
			files = (
				B9DA60CA27D7ABB3003F53C7 /* Life Savers.ttf in Resources */,
				495A62B127DD3A4E00C64C35 /* musicBack.mp3 in Resources */,
				B9910B6C27D5026400B712E2 /* Plotwist-Info.plist in Resources */,
				B9D78E7827CFA7370083BB3C /* Localizable.strings in Resources */,
				49AC302627BAB75900629633 /* Preview Assets.xcassets in Resources */,
				49AC302327BAB75900629633 /* Assets.xcassets in Resources */,
				B9DA60C727D7AA03003F53C7 /* LifeSaversB.ttf in Resources */,
				B9DA60C827D7AA03003F53C7 /* LifeSaversEB.ttf in Resources */,
			);
			runOnlyForDeploymentPostprocessing = 0;
		};
/* End PBXResourcesBuildPhase section */

/* Begin PBXSourcesBuildPhase section */
		49AC301727BAB75900629633 /* Sources */ = {
			isa = PBXSourcesBuildPhase;
			buildActionMask = 2147483647;
			files = (
				49F08C2227BB47100046D206 /* GuidedView.swift in Sources */,
				49EB564627D2548C00E23086 /* DiceView.swift in Sources */,
				493AB1B727CC548F00224AF8 /* SplashScreenView.swift in Sources */,
				B9D78E8427CFB1000083BB3C /* CardModel2.swift in Sources */,
				492D3BC827D296C700F3BD65 /* AlertView.swift in Sources */,
				B9EE518B27C67CC600CFA313 /* IncipitsModel.swift in Sources */,
				4912986B27C4738600912339 /* PlayersModel.swift in Sources */,
				490C98A327BDF4E100574E1B /* CreditsView.swift in Sources */,
				B9EE518F27C92BA100CFA313 /* ButtonsIconModel.swift in Sources */,
				49E7C5A127BD44A00043AD25 /* ButtonsModel.swift in Sources */,
				B9EE518D27C90EE400CFA313 /* StoriesModel.swift in Sources */,
				49E20D6E27BC5720002BAFA3 /* SettingsView.swift in Sources */,
				B9D78E8627CFB6A10083BB3C /* SettingsButtonModel.swift in Sources */,
				B9B66D0927E0D2E800E03D74 /* Experience.rcproject in Sources */,
				B96303112800654C006E4E4D /* PlotwistDatabase.xcdatamodeld in Sources */,
				B9B66D0B27E0E25100E03D74 /* CategoriesModel.swift in Sources */,
				B9B7F67327CE6F930064A8B3 /* NavigationRoot.swift in Sources */,
				49AC302127BAB75900629633 /* ContentView.swift in Sources */,
				491E707827BFDCEC0039FBB1 /* DiceStorytelling.swift in Sources */,
				4981954D27C1F6BA0037E81E /* MusicClass.swift in Sources */,
				49AC301F27BAB75900629633 /* PlotwistApp.swift in Sources */,
				B9DA60C027D60FFE003F53C7 /* OnboardingView.swift in Sources */,
				49E7C59B27BD32160043AD25 /* NextTurn.swift in Sources */,
				B9B66D0827E0D2E800E03D74 /* ARDiceView.swift in Sources */,
				49E7C59F27BD32160043AD25 /* DiceCategories.swift in Sources */,
				49E7C59D27BD32160043AD25 /* Storystarters.swift in Sources */,
				49E7C59C27BD32160043AD25 /* ThemeColors.swift in Sources */,
				B963031728006809006E4E4D /* DataController.swift in Sources */,
				B9021C8727DCAF2D006035B2 /* SelectPlayersNumberView.swift in Sources */,
				B9DA60CC27D8C194003F53C7 /* DiceStoryWriting.swift in Sources */,
				B9D78E8227CFAE330083BB3C /* CardModel1.swift in Sources */,
				4995DC8727BF530A0011B4F5 /* CategoriesButtonModel.swift in Sources */,
				49B470E927BEA7A50012C24D /* hideKeyboardButton.swift in Sources */,
				49E7C59E27BD32160043AD25 /* CategoriesListModel.swift in Sources */,
				B963031928006E79006E4E4D /* CompletedStories.swift in Sources */,
				492D3BCA27D35D8000F3BD65 /* AlertClass.swift in Sources */,
				49124DB027C1E22200CCECAF /* SiriView.swift in Sources */,
			);
			runOnlyForDeploymentPostprocessing = 0;
		};
/* End PBXSourcesBuildPhase section */

/* Begin PBXVariantGroup section */
		B9D78E7A27CFA7370083BB3C /* Localizable.strings */ = {
			isa = PBXVariantGroup;
			children = (
				B9D78E7927CFA7370083BB3C /* en */,
				B9D78E7C27CFA75A0083BB3C /* it */,
				B9D78E7D27CFA75B0083BB3C /* es */,
				B9D78E8027CFAD260083BB3C /* fr */,
				499C53EA27D522B90068BE17 /* de */,
				499C53EB27D523E80068BE17 /* ru */,
			);
			name = Localizable.strings;
			sourceTree = "<group>";
		};
/* End PBXVariantGroup section */

/* Begin XCBuildConfiguration section */
		49AC302727BAB75900629633 /* Debug */ = {
			isa = XCBuildConfiguration;
			buildSettings = {
				ALWAYS_SEARCH_USER_PATHS = NO;
				CLANG_ANALYZER_LOCALIZABILITY_NONLOCALIZED = YES;
				CLANG_ANALYZER_NONNULL = YES;
				CLANG_ANALYZER_NUMBER_OBJECT_CONVERSION = YES_AGGRESSIVE;
				CLANG_CXX_LANGUAGE_STANDARD = "gnu++17";
				CLANG_CXX_LIBRARY = "libc++";
				CLANG_ENABLE_MODULES = YES;
				CLANG_ENABLE_OBJC_ARC = YES;
				CLANG_ENABLE_OBJC_WEAK = YES;
				CLANG_WARN_BLOCK_CAPTURE_AUTORELEASING = YES;
				CLANG_WARN_BOOL_CONVERSION = YES;
				CLANG_WARN_COMMA = YES;
				CLANG_WARN_CONSTANT_CONVERSION = YES;
				CLANG_WARN_DEPRECATED_OBJC_IMPLEMENTATIONS = YES;
				CLANG_WARN_DIRECT_OBJC_ISA_USAGE = YES_ERROR;
				CLANG_WARN_DOCUMENTATION_COMMENTS = YES;
				CLANG_WARN_EMPTY_BODY = YES;
				CLANG_WARN_ENUM_CONVERSION = YES;
				CLANG_WARN_INFINITE_RECURSION = YES;
				CLANG_WARN_INT_CONVERSION = YES;
				CLANG_WARN_NON_LITERAL_NULL_CONVERSION = YES;
				CLANG_WARN_OBJC_IMPLICIT_RETAIN_SELF = YES;
				CLANG_WARN_OBJC_LITERAL_CONVERSION = YES;
				CLANG_WARN_OBJC_ROOT_CLASS = YES_ERROR;
				CLANG_WARN_QUOTED_INCLUDE_IN_FRAMEWORK_HEADER = YES;
				CLANG_WARN_RANGE_LOOP_ANALYSIS = YES;
				CLANG_WARN_STRICT_PROTOTYPES = YES;
				CLANG_WARN_SUSPICIOUS_MOVE = YES;
				CLANG_WARN_UNGUARDED_AVAILABILITY = YES_AGGRESSIVE;
				CLANG_WARN_UNREACHABLE_CODE = YES;
				CLANG_WARN__DUPLICATE_METHOD_MATCH = YES;
				COPY_PHASE_STRIP = NO;
				DEBUG_INFORMATION_FORMAT = dwarf;
				ENABLE_STRICT_OBJC_MSGSEND = YES;
				ENABLE_TESTABILITY = YES;
				GCC_C_LANGUAGE_STANDARD = gnu11;
				GCC_DYNAMIC_NO_PIC = NO;
				GCC_NO_COMMON_BLOCKS = YES;
				GCC_OPTIMIZATION_LEVEL = 0;
				GCC_PREPROCESSOR_DEFINITIONS = (
					"DEBUG=1",
					"$(inherited)",
				);
				GCC_WARN_64_TO_32_BIT_CONVERSION = YES;
				GCC_WARN_ABOUT_RETURN_TYPE = YES_ERROR;
				GCC_WARN_UNDECLARED_SELECTOR = YES;
				GCC_WARN_UNINITIALIZED_AUTOS = YES_AGGRESSIVE;
				GCC_WARN_UNUSED_FUNCTION = YES;
				GCC_WARN_UNUSED_VARIABLE = YES;
				IPHONEOS_DEPLOYMENT_TARGET = 15.2;
				MTL_ENABLE_DEBUG_INFO = INCLUDE_SOURCE;
				MTL_FAST_MATH = YES;
				ONLY_ACTIVE_ARCH = YES;
				SDKROOT = iphoneos;
				SWIFT_ACTIVE_COMPILATION_CONDITIONS = DEBUG;
				SWIFT_OPTIMIZATION_LEVEL = "-Onone";
			};
			name = Debug;
		};
		49AC302827BAB75900629633 /* Release */ = {
			isa = XCBuildConfiguration;
			buildSettings = {
				ALWAYS_SEARCH_USER_PATHS = NO;
				CLANG_ANALYZER_LOCALIZABILITY_NONLOCALIZED = YES;
				CLANG_ANALYZER_NONNULL = YES;
				CLANG_ANALYZER_NUMBER_OBJECT_CONVERSION = YES_AGGRESSIVE;
				CLANG_CXX_LANGUAGE_STANDARD = "gnu++17";
				CLANG_CXX_LIBRARY = "libc++";
				CLANG_ENABLE_MODULES = YES;
				CLANG_ENABLE_OBJC_ARC = YES;
				CLANG_ENABLE_OBJC_WEAK = YES;
				CLANG_WARN_BLOCK_CAPTURE_AUTORELEASING = YES;
				CLANG_WARN_BOOL_CONVERSION = YES;
				CLANG_WARN_COMMA = YES;
				CLANG_WARN_CONSTANT_CONVERSION = YES;
				CLANG_WARN_DEPRECATED_OBJC_IMPLEMENTATIONS = YES;
				CLANG_WARN_DIRECT_OBJC_ISA_USAGE = YES_ERROR;
				CLANG_WARN_DOCUMENTATION_COMMENTS = YES;
				CLANG_WARN_EMPTY_BODY = YES;
				CLANG_WARN_ENUM_CONVERSION = YES;
				CLANG_WARN_INFINITE_RECURSION = YES;
				CLANG_WARN_INT_CONVERSION = YES;
				CLANG_WARN_NON_LITERAL_NULL_CONVERSION = YES;
				CLANG_WARN_OBJC_IMPLICIT_RETAIN_SELF = YES;
				CLANG_WARN_OBJC_LITERAL_CONVERSION = YES;
				CLANG_WARN_OBJC_ROOT_CLASS = YES_ERROR;
				CLANG_WARN_QUOTED_INCLUDE_IN_FRAMEWORK_HEADER = YES;
				CLANG_WARN_RANGE_LOOP_ANALYSIS = YES;
				CLANG_WARN_STRICT_PROTOTYPES = YES;
				CLANG_WARN_SUSPICIOUS_MOVE = YES;
				CLANG_WARN_UNGUARDED_AVAILABILITY = YES_AGGRESSIVE;
				CLANG_WARN_UNREACHABLE_CODE = YES;
				CLANG_WARN__DUPLICATE_METHOD_MATCH = YES;
				COPY_PHASE_STRIP = NO;
				DEBUG_INFORMATION_FORMAT = "dwarf-with-dsym";
				ENABLE_NS_ASSERTIONS = NO;
				ENABLE_STRICT_OBJC_MSGSEND = YES;
				GCC_C_LANGUAGE_STANDARD = gnu11;
				GCC_NO_COMMON_BLOCKS = YES;
				GCC_WARN_64_TO_32_BIT_CONVERSION = YES;
				GCC_WARN_ABOUT_RETURN_TYPE = YES_ERROR;
				GCC_WARN_UNDECLARED_SELECTOR = YES;
				GCC_WARN_UNINITIALIZED_AUTOS = YES_AGGRESSIVE;
				GCC_WARN_UNUSED_FUNCTION = YES;
				GCC_WARN_UNUSED_VARIABLE = YES;
				IPHONEOS_DEPLOYMENT_TARGET = 15.2;
				MTL_ENABLE_DEBUG_INFO = NO;
				MTL_FAST_MATH = YES;
				SDKROOT = iphoneos;
				SWIFT_COMPILATION_MODE = wholemodule;
				SWIFT_OPTIMIZATION_LEVEL = "-O";
				VALIDATE_PRODUCT = YES;
			};
			name = Release;
		};
		49AC302A27BAB75900629633 /* Debug */ = {
			isa = XCBuildConfiguration;
			buildSettings = {
				ASSETCATALOG_COMPILER_APPICON_NAME = AppIcon;
				ASSETCATALOG_COMPILER_GLOBAL_ACCENT_COLOR_NAME = AccentColor;
				ASSETCATALOG_COMPILER_INCLUDE_ALL_APPICON_ASSETS = YES;
				CODE_SIGN_STYLE = Automatic;
				CURRENT_PROJECT_VERSION = 9;
				DEVELOPMENT_ASSET_PATHS = "\"Plotwist/Preview Content\"";
				DEVELOPMENT_TEAM = 37THZ8H7Q6;
				ENABLE_PREVIEWS = YES;
				GENERATE_INFOPLIST_FILE = YES;
				INFOPLIST_FILE = "Rebooters-MC3-Info.plist";
				INFOPLIST_KEY_CFBundleDisplayName = Plotwist;
				INFOPLIST_KEY_NSCameraUsageDescription = "This app needs your camera to use Augmented Reality to throw dice";
				INFOPLIST_KEY_UIApplicationSceneManifest_Generation = YES;
				INFOPLIST_KEY_UIApplicationSupportsIndirectInputEvents = YES;
				INFOPLIST_KEY_UILaunchScreen_Generation = YES;
				INFOPLIST_KEY_UIRequiredDeviceCapabilities = arkit;
				INFOPLIST_KEY_UISupportedInterfaceOrientations = "";
				INFOPLIST_KEY_UISupportedInterfaceOrientations_iPad = "UIInterfaceOrientationPortrait UIInterfaceOrientationPortraitUpsideDown UIInterfaceOrientationLandscapeLeft UIInterfaceOrientationLandscapeRight";
				INFOPLIST_KEY_UISupportedInterfaceOrientations_iPhone = UIInterfaceOrientationPortrait;
				LD_RUNPATH_SEARCH_PATHS = (
					"$(inherited)",
					"@executable_path/Frameworks",
				);
				MARKETING_VERSION = 1.0;
				PRODUCT_BUNDLE_IDENTIFIER = com.Rebooters;
				PRODUCT_NAME = "$(TARGET_NAME)";
				SWIFT_EMIT_LOC_STRINGS = YES;
				SWIFT_VERSION = 5.0;
				TARGETED_DEVICE_FAMILY = 1;
			};
			name = Debug;
		};
		49AC302B27BAB75900629633 /* Release */ = {
			isa = XCBuildConfiguration;
			buildSettings = {
				ASSETCATALOG_COMPILER_APPICON_NAME = AppIcon;
				ASSETCATALOG_COMPILER_GLOBAL_ACCENT_COLOR_NAME = AccentColor;
				ASSETCATALOG_COMPILER_INCLUDE_ALL_APPICON_ASSETS = YES;
				CODE_SIGN_STYLE = Automatic;
				CURRENT_PROJECT_VERSION = 9;
				DEVELOPMENT_ASSET_PATHS = "\"Plotwist/Preview Content\"";
				DEVELOPMENT_TEAM = 37THZ8H7Q6;
				ENABLE_PREVIEWS = YES;
				GENERATE_INFOPLIST_FILE = YES;
				INFOPLIST_FILE = "Rebooters-MC3-Info.plist";
				INFOPLIST_KEY_CFBundleDisplayName = Plotwist;
				INFOPLIST_KEY_NSCameraUsageDescription = "This app needs your camera to use Augmented Reality to throw dice";
				INFOPLIST_KEY_UIApplicationSceneManifest_Generation = YES;
				INFOPLIST_KEY_UIApplicationSupportsIndirectInputEvents = YES;
				INFOPLIST_KEY_UILaunchScreen_Generation = YES;
				INFOPLIST_KEY_UIRequiredDeviceCapabilities = arkit;
				INFOPLIST_KEY_UISupportedInterfaceOrientations = "";
				INFOPLIST_KEY_UISupportedInterfaceOrientations_iPad = "UIInterfaceOrientationPortrait UIInterfaceOrientationPortraitUpsideDown UIInterfaceOrientationLandscapeLeft UIInterfaceOrientationLandscapeRight";
				INFOPLIST_KEY_UISupportedInterfaceOrientations_iPhone = UIInterfaceOrientationPortrait;
				LD_RUNPATH_SEARCH_PATHS = (
					"$(inherited)",
					"@executable_path/Frameworks",
				);
				MARKETING_VERSION = 1.0;
				PRODUCT_BUNDLE_IDENTIFIER = com.Rebooters;
				PRODUCT_NAME = "$(TARGET_NAME)";
				SWIFT_EMIT_LOC_STRINGS = YES;
				SWIFT_VERSION = 5.0;
				TARGETED_DEVICE_FAMILY = 1;
			};
			name = Release;
		};
/* End XCBuildConfiguration section */

/* Begin XCConfigurationList section */
		49AC301627BAB75900629633 /* Build configuration list for PBXProject "Plotwist" */ = {
			isa = XCConfigurationList;
			buildConfigurations = (
				49AC302727BAB75900629633 /* Debug */,
				49AC302827BAB75900629633 /* Release */,
			);
			defaultConfigurationIsVisible = 0;
			defaultConfigurationName = Release;
		};
		49AC302927BAB75900629633 /* Build configuration list for PBXNativeTarget "Plotwist" */ = {
			isa = XCConfigurationList;
			buildConfigurations = (
				49AC302A27BAB75900629633 /* Debug */,
				49AC302B27BAB75900629633 /* Release */,
			);
			defaultConfigurationIsVisible = 0;
			defaultConfigurationName = Release;
		};
/* End XCConfigurationList section */

/* Begin XCVersionGroup section */
		B963030F2800654C006E4E4D /* PlotwistDatabase.xcdatamodeld */ = {
			isa = XCVersionGroup;
			children = (
				B96303102800654C006E4E4D /* PlotwistDatabase.xcdatamodel */,
			);
			currentVersion = B96303102800654C006E4E4D /* PlotwistDatabase.xcdatamodel */;
			path = PlotwistDatabase.xcdatamodeld;
			sourceTree = "<group>";
			versionGroupType = wrapper.xcdatamodel;
		};
/* End XCVersionGroup section */
	};
	rootObject = 49AC301327BAB75900629633 /* Project object */;
}
